Microsoft Visual Studio Solution File, Format Version 12.00
# Visual Studio Version 17
VisualStudioVersion = 17.0.31903.59
MinimumVisualStudioVersion = 10.0.40219.1
Project("{2150E333-8FDC-42A3-9474-1A3956D46DE8}") = "PlugInManager", "PlugInManager", "{190E9A0A-A577-4E01-8462-5B3DBBD41D28}"
EndProject
Project("{2150E333-8FDC-42A3-9474-1A3956D46DE8}") = "ConsoleMain", "ConsoleMain", "{8AB46294-6251-4E0B-A535-C30AC8A5AA40}"
	ProjectSection(SolutionItems) = preProject
		bin\LCS.ini = bin\LCS.ini
	EndProjectSection
EndProject
Project("{2150E333-8FDC-42A3-9474-1A3956D46DE8}") = "Communication", "Communication", "{0FA14B51-DE65-4B73-B867-98E01E6727D3}"
EndProject
Project("{8BC9CEB8-8B4A-11D0-8D11-00A0C91BC942}") = "SimulatorMain", "src\Main\SimulatorMain\SimulatorMain.vcxproj", "{EE033075-403D-45C4-8FBF-6EEAA8F54432}"
EndProject
Project("{8BC9CEB8-8B4A-11D0-8D11-00A0C91BC942}") = "SimulationManager", "src\Managers\SimulationManager\SimulationManager.vcxproj", "{28830F74-6D12-4474-B9B1-417DC1AD3527}"
EndProject
Project("{8BC9CEB8-8B4A-11D0-8D11-00A0C91BC942}") = "LaunchManager", "src\Managers\LaunchManager\LaunchManager.vcxproj", "{A8A89DFD-F1AB-4D81-A0CA-82DB24664C4D}"
EndProject
Project("{8BC9CEB8-8B4A-11D0-8D11-00A0C91BC942}") = "LCSModelManager", "src\Managers\LCSModelManager\LCSModelManager.vcxproj", "{CB605800-5F5A-49BE-99A0-0D37D65D7FCC}"
EndProject
Project("{8BC9CEB8-8B4A-11D0-8D11-00A0C91BC942}") = "UDPCommunicationManager", "src\Communication\UDPCommunicationManager\UDPCommunicationManager.vcxproj", "{EF6D9400-CBA4-4121-BB15-1ED456822274}"
EndProject
Global
	GlobalSection(SolutionConfigurationPlatforms) = preSolution
		Debug|x64 = Debug|x64
		Release|x64 = Release|x64
	EndGlobalSection
	GlobalSection(ProjectConfigurationPlatforms) = postSolution
		{EE033075-403D-45C4-8FBF-6EEAA8F54432}.Debug|x64.ActiveCfg = Debug|x64
		{EE033075-403D-45C4-8FBF-6EEAA8F54432}.Debug|x64.Build.0 = Debug|x64
		{EE033075-403D-45C4-8FBF-6EEAA8F54432}.Release|x64.ActiveCfg = Release|x64
		{EE033075-403D-45C4-8FBF-6EEAA8F54432}.Release|x64.Build.0 = Release|x64
		{28830F74-6D12-4474-B9B1-417DC1AD3527}.Debug|x64.ActiveCfg = Debug|x64
		{28830F74-6D12-4474-B9B1-417DC1AD3527}.Debug|x64.Build.0 = Debug|x64
		{28830F74-6D12-4474-B9B1-417DC1AD3527}.Release|x64.ActiveCfg = Release|x64
		{28830F74-6D12-4474-B9B1-417DC1AD3527}.Release|x64.Build.0 = Release|x64
		{A8A89DFD-F1AB-4D81-A0CA-82DB24664C4D}.Debug|x64.ActiveCfg = Debug|x64
		{A8A89DFD-F1AB-4D81-A0CA-82DB24664C4D}.Debug|x64.Build.0 = Debug|x64
		{A8A89DFD-F1AB-4D81-A0CA-82DB24664C4D}.Release|x64.ActiveCfg = Release|x64
		{A8A89DFD-F1AB-4D81-A0CA-82DB24664C4D}.Release|x64.Build.0 = Release|x64
		{CB605800-5F5A-49BE-99A0-0D37D65D7FCC}.Debug|x64.ActiveCfg = Debug|x64
		{CB605800-5F5A-49BE-99A0-0D37D65D7FCC}.Debug|x64.Build.0 = Debug|x64
		{CB605800-5F5A-49BE-99A0-0D37D65D7FCC}.Release|x64.ActiveCfg = Release|x64
		{CB605800-5F5A-49BE-99A0-0D37D65D7FCC}.Release|x64.Build.0 = Release|x64
		{EF6D9400-CBA4-4121-BB15-1ED456822274}.Debug|x64.ActiveCfg = Debug|x64
		{EF6D9400-CBA4-4121-BB15-1ED456822274}.Debug|x64.Build.0 = Debug|x64
		{EF6D9400-CBA4-4121-BB15-1ED456822274}.Release|x64.ActiveCfg = Release|x64
		{EF6D9400-CBA4-4121-BB15-1ED456822274}.Release|x64.Build.0 = Release|x64
	EndGlobalSection
	GlobalSection(SolutionProperties) = preSolution
		HideSolutionNode = FALSE
	EndGlobalSection
	GlobalSection(NestedProjects) = preSolution
		{EE033075-403D-45C4-8FBF-6EEAA8F54432} = {8AB46294-6251-4E0B-A535-C30AC8A5AA40}
		{28830F74-6D12-4474-B9B1-417DC1AD3527} = {190E9A0A-A577-4E01-8462-5B3DBBD41D28}
		{A8A89DFD-F1AB-4D81-A0CA-82DB24664C4D} = {190E9A0A-A577-4E01-8462-5B3DBBD41D28}
		{CB605800-5F5A-49BE-99A0-0D37D65D7FCC} = {190E9A0A-A577-4E01-8462-5B3DBBD41D28}
		{EF6D9400-CBA4-4121-BB15-1ED456822274} = {0FA14B51-DE65-4B73-B867-98E01E6727D3}
	EndGlobalSection
EndGlobal
